
Microsoft Visual Studio Solution File, Format Version 12.00
# Visual Studio 15
VisualStudioVersion = 15.0.27130.2010
MinimumVisualStudioVersion = 10.0.40219.1
Project("{FAE04EC0-301F-11D3-BF4B-00C04F79EFBC}") = "BTAccessManagement", "BTAccessManagement\BTAccessManagement.csproj", "{FD1A1881-8E00-4064-8CAA-B74A4980072D}"
EndProject
Project("{FAE04EC0-301F-11D3-BF4B-00C04F79EFBC}") = "BTAccessManagementAPI", "BTAccessManagementAPI\BTAccessManagementAPI.csproj", "{4BDCF550-728D-48E8-AE6A-70FE1FA9A224}"
EndProject
Global
	GlobalSection(SolutionConfigurationPlatforms) = preSolution
		Debug|Any CPU = Debug|Any CPU
		Release|Any CPU = Release|Any CPU
	EndGlobalSection
	GlobalSection(ProjectConfigurationPlatforms) = postSolution
		{FD1A1881-8E00-4064-8CAA-B74A4980072D}.Debug|Any CPU.ActiveCfg = Debug|Any CPU
		{FD1A1881-8E00-4064-8CAA-B74A4980072D}.Debug|Any CPU.Build.0 = Debug|Any CPU
		{FD1A1881-8E00-4064-8CAA-B74A4980072D}.Release|Any CPU.ActiveCfg = Release|Any CPU
		{FD1A1881-8E00-4064-8CAA-B74A4980072D}.Release|Any CPU.Build.0 = Release|Any CPU
		{4BDCF550-728D-48E8-AE6A-70FE1FA9A224}.Debug|Any CPU.ActiveCfg = Debug|Any CPU
		{4BDCF550-728D-48E8-AE6A-70FE1FA9A224}.Debug|Any CPU.Build.0 = Debug|Any CPU
		{4BDCF550-728D-48E8-AE6A-70FE1FA9A224}.Release|Any CPU.ActiveCfg = Release|Any CPU
		{4BDCF550-728D-48E8-AE6A-70FE1FA9A224}.Release|Any CPU.Build.0 = Release|Any CPU
	EndGlobalSection
	GlobalSection(SolutionProperties) = preSolution
		HideSolutionNode = FALSE
	EndGlobalSection
	GlobalSection(ExtensibilityGlobals) = postSolution
		SolutionGuid = {FF16003E-930F-4A2D-BE3F-2EB961AD56B2}
	EndGlobalSection
EndGlobal
