
Microsoft Visual Studio Solution File, Format Version 12.00
# Visual Studio 15
VisualStudioVersion = 15.0.27130.2010
MinimumVisualStudioVersion = 10.0.40219.1
Project("{9A19103F-16F7-4668-BE54-9A1E7A4F7556}") = "API", "API\API.csproj", "{C557CC47-042C-4AD1-9538-B38DD4BCCB4C}"
EndProject
Project("{9A19103F-16F7-4668-BE54-9A1E7A4F7556}") = "Client", "Client\Client.csproj", "{D25BF1C9-23D2-46BB-94F0-27D197FA309B}"
EndProject
Project("{FAE04EC0-301F-11D3-BF4B-00C04F79EFBC}") = "BusinessWorkflow", "BusinessWorkflow\BusinessWorkflow.csproj", "{68D35E29-89A1-4AA9-9FFE-9E36675D58D4}"
EndProject
Global
	GlobalSection(SolutionConfigurationPlatforms) = preSolution
		Debug|Any CPU = Debug|Any CPU
		Release|Any CPU = Release|Any CPU
	EndGlobalSection
	GlobalSection(ProjectConfigurationPlatforms) = postSolution
		{C557CC47-042C-4AD1-9538-B38DD4BCCB4C}.Debug|Any CPU.ActiveCfg = Debug|Any CPU
		{C557CC47-042C-4AD1-9538-B38DD4BCCB4C}.Debug|Any CPU.Build.0 = Debug|Any CPU
		{C557CC47-042C-4AD1-9538-B38DD4BCCB4C}.Release|Any CPU.ActiveCfg = Release|Any CPU
		{C557CC47-042C-4AD1-9538-B38DD4BCCB4C}.Release|Any CPU.Build.0 = Release|Any CPU
		{D25BF1C9-23D2-46BB-94F0-27D197FA309B}.Debug|Any CPU.ActiveCfg = Debug|Any CPU
		{D25BF1C9-23D2-46BB-94F0-27D197FA309B}.Debug|Any CPU.Build.0 = Debug|Any CPU
		{D25BF1C9-23D2-46BB-94F0-27D197FA309B}.Release|Any CPU.ActiveCfg = Release|Any CPU
		{D25BF1C9-23D2-46BB-94F0-27D197FA309B}.Release|Any CPU.Build.0 = Release|Any CPU
		{68D35E29-89A1-4AA9-9FFE-9E36675D58D4}.Debug|Any CPU.ActiveCfg = Debug|Any CPU
		{68D35E29-89A1-4AA9-9FFE-9E36675D58D4}.Debug|Any CPU.Build.0 = Debug|Any CPU
		{68D35E29-89A1-4AA9-9FFE-9E36675D58D4}.Release|Any CPU.ActiveCfg = Release|Any CPU
		{68D35E29-89A1-4AA9-9FFE-9E36675D58D4}.Release|Any CPU.Build.0 = Release|Any CPU
	EndGlobalSection
	GlobalSection(SolutionProperties) = preSolution
		HideSolutionNode = FALSE
	EndGlobalSection
	GlobalSection(ExtensibilityGlobals) = postSolution
		SolutionGuid = {FF16003E-930F-4A2D-BE3F-2EB961AD56B2}
	EndGlobalSection
EndGlobal
